// !$*UTF8*$!
{
	archiveVersion = 1;
	classes = {
	};
	objectVersion = 55;
	objects = {

/* Begin PBXBuildFile section */
		DCAFA71A276FB027003E6BA7 /* Project7 WatchKit App.app in Embed Watch Content */ = {isa = PBXBuildFile; fileRef = DCAFA719276FB027003E6BA7 /* Project7 WatchKit App.app */; settings = {ATTRIBUTES = (RemoveHeadersOnCopy, ); }; };
		DCAFA71F276FB028003E6BA7 /* Assets.xcassets in Resources */ = {isa = PBXBuildFile; fileRef = DCAFA71E276FB028003E6BA7 /* Assets.xcassets */; };
		DCAFA725276FB029003E6BA7 /* Project7 WatchKit Extension.appex in Embed App Extensions */ = {isa = PBXBuildFile; fileRef = DCAFA724276FB029003E6BA7 /* Project7 WatchKit Extension.appex */; settings = {ATTRIBUTES = (RemoveHeadersOnCopy, ); }; };
		DCAFA72A276FB029003E6BA7 /* ContentView.swift in Sources */ = {isa = PBXBuildFile; fileRef = DCAFA729276FB029003E6BA7 /* ContentView.swift */; };
		DCAFA72C276FB029003E6BA7 /* Project7App.swift in Sources */ = {isa = PBXBuildFile; fileRef = DCAFA72B276FB029003E6BA7 /* Project7App.swift */; };
		DCAFA72E276FB029003E6BA7 /* ComplicationController.swift in Sources */ = {isa = PBXBuildFile; fileRef = DCAFA72D276FB029003E6BA7 /* ComplicationController.swift */; };
		DCAFA730276FB029003E6BA7 /* Assets.xcassets in Resources */ = {isa = PBXBuildFile; fileRef = DCAFA72F276FB029003E6BA7 /* Assets.xcassets */; };
		DCAFA733276FB029003E6BA7 /* Preview Assets.xcassets in Resources */ = {isa = PBXBuildFile; fileRef = DCAFA732276FB029003E6BA7 /* Preview Assets.xcassets */; };
		DCAFA73E276FB02C003E6BA7 /* Project7Tests.swift in Sources */ = {isa = PBXBuildFile; fileRef = DCAFA73D276FB02C003E6BA7 /* Project7Tests.swift */; };
		DCAFA748276FB02C003E6BA7 /* Project7UITests.swift in Sources */ = {isa = PBXBuildFile; fileRef = DCAFA747276FB02C003E6BA7 /* Project7UITests.swift */; };
		DCAFA74A276FB02C003E6BA7 /* Project7UITestsLaunchTests.swift in Sources */ = {isa = PBXBuildFile; fileRef = DCAFA749276FB02C003E6BA7 /* Project7UITestsLaunchTests.swift */; };
/* End PBXBuildFile section */

/* Begin PBXContainerItemProxy section */
		DCAFA71B276FB027003E6BA7 /* PBXContainerItemProxy */ = {
			isa = PBXContainerItemProxy;
			containerPortal = DCAFA70F276FB027003E6BA7 /* Project object */;
			proxyType = 1;
			remoteGlobalIDString = DCAFA718276FB027003E6BA7;
			remoteInfo = "Project7 WatchKit App";
		};
		DCAFA726276FB029003E6BA7 /* PBXContainerItemProxy */ = {
			isa = PBXContainerItemProxy;
			containerPortal = DCAFA70F276FB027003E6BA7 /* Project object */;
			proxyType = 1;
			remoteGlobalIDString = DCAFA723276FB029003E6BA7;
			remoteInfo = "Project7 WatchKit Extension";
		};
		DCAFA73A276FB029003E6BA7 /* PBXContainerItemProxy */ = {
			isa = PBXContainerItemProxy;
			containerPortal = DCAFA70F276FB027003E6BA7 /* Project object */;
			proxyType = 1;
			remoteGlobalIDString = DCAFA723276FB029003E6BA7;
			remoteInfo = "Project7 WatchKit Extension";
		};
		DCAFA744276FB02C003E6BA7 /* PBXContainerItemProxy */ = {
			isa = PBXContainerItemProxy;
			containerPortal = DCAFA70F276FB027003E6BA7 /* Project object */;
			proxyType = 1;
			remoteGlobalIDString = DCAFA718276FB027003E6BA7;
			remoteInfo = "Project7 WatchKit App";
		};
/* End PBXContainerItemProxy section */

/* Begin PBXCopyFilesBuildPhase section */
		DCAFA750276FB02C003E6BA7 /* Embed App Extensions */ = {
			isa = PBXCopyFilesBuildPhase;
			buildActionMask = 2147483647;
			dstPath = "";
			dstSubfolderSpec = 13;
			files = (
				DCAFA725276FB029003E6BA7 /* Project7 WatchKit Extension.appex in Embed App Extensions */,
			);
			name = "Embed App Extensions";
			runOnlyForDeploymentPostprocessing = 0;
		};
		DCAFA754276FB02C003E6BA7 /* Embed Watch Content */ = {
			isa = PBXCopyFilesBuildPhase;
			buildActionMask = 2147483647;
			dstPath = "$(CONTENTS_FOLDER_PATH)/Watch";
			dstSubfolderSpec = 16;
			files = (
				DCAFA71A276FB027003E6BA7 /* Project7 WatchKit App.app in Embed Watch Content */,
			);
			name = "Embed Watch Content";
			runOnlyForDeploymentPostprocessing = 0;
		};
/* End PBXCopyFilesBuildPhase section */

/* Begin PBXFileReference section */
		DCAFA715276FB027003E6BA7 /* Project7.app */ = {isa = PBXFileReference; explicitFileType = wrapper.application; includeInIndex = 0; path = Project7.app; sourceTree = BUILT_PRODUCTS_DIR; };
		DCAFA719276FB027003E6BA7 /* Project7 WatchKit App.app */ = {isa = PBXFileReference; explicitFileType = wrapper.application; includeInIndex = 0; path = "Project7 WatchKit App.app"; sourceTree = BUILT_PRODUCTS_DIR; };
		DCAFA71E276FB028003E6BA7 /* Assets.xcassets */ = {isa = PBXFileReference; lastKnownFileType = folder.assetcatalog; path = Assets.xcassets; sourceTree = "<group>"; };
		DCAFA724276FB029003E6BA7 /* Project7 WatchKit Extension.appex */ = {isa = PBXFileReference; explicitFileType = "wrapper.app-extension"; includeInIndex = 0; path = "Project7 WatchKit Extension.appex"; sourceTree = BUILT_PRODUCTS_DIR; };
		DCAFA729276FB029003E6BA7 /* ContentView.swift */ = {isa = PBXFileReference; lastKnownFileType = sourcecode.swift; path = ContentView.swift; sourceTree = "<group>"; };
		DCAFA72B276FB029003E6BA7 /* Project7App.swift */ = {isa = PBXFileReference; lastKnownFileType = sourcecode.swift; path = Project7App.swift; sourceTree = "<group>"; };
		DCAFA72D276FB029003E6BA7 /* ComplicationController.swift */ = {isa = PBXFileReference; lastKnownFileType = sourcecode.swift; path = ComplicationController.swift; sourceTree = "<group>"; };
		DCAFA72F276FB029003E6BA7 /* Assets.xcassets */ = {isa = PBXFileReference; lastKnownFileType = folder.assetcatalog; path = Assets.xcassets; sourceTree = "<group>"; };
		DCAFA732276FB029003E6BA7 /* Preview Assets.xcassets */ = {isa = PBXFileReference; lastKnownFileType = folder.assetcatalog; path = "Preview Assets.xcassets"; sourceTree = "<group>"; };
		DCAFA734276FB029003E6BA7 /* Info.plist */ = {isa = PBXFileReference; lastKnownFileType = text.plist.xml; path = Info.plist; sourceTree = "<group>"; };
		DCAFA739276FB029003E6BA7 /* Project7Tests.xctest */ = {isa = PBXFileReference; explicitFileType = wrapper.cfbundle; includeInIndex = 0; path = Project7Tests.xctest; sourceTree = BUILT_PRODUCTS_DIR; };
		DCAFA73D276FB02C003E6BA7 /* Project7Tests.swift */ = {isa = PBXFileReference; lastKnownFileType = sourcecode.swift; path = Project7Tests.swift; sourceTree = "<group>"; };
		DCAFA743276FB02C003E6BA7 /* Project7UITests.xctest */ = {isa = PBXFileReference; explicitFileType = wrapper.cfbundle; includeInIndex = 0; path = Project7UITests.xctest; sourceTree = BUILT_PRODUCTS_DIR; };
		DCAFA747276FB02C003E6BA7 /* Project7UITests.swift */ = {isa = PBXFileReference; lastKnownFileType = sourcecode.swift; path = Project7UITests.swift; sourceTree = "<group>"; };
		DCAFA749276FB02C003E6BA7 /* Project7UITestsLaunchTests.swift */ = {isa = PBXFileReference; lastKnownFileType = sourcecode.swift; path = Project7UITestsLaunchTests.swift; sourceTree = "<group>"; };
/* End PBXFileReference section */

/* Begin PBXFrameworksBuildPhase section */
		DCAFA721276FB029003E6BA7 /* Frameworks */ = {
			isa = PBXFrameworksBuildPhase;
			buildActionMask = 2147483647;
			files = (
			);
			runOnlyForDeploymentPostprocessing = 0;
		};
		DCAFA736276FB029003E6BA7 /* Frameworks */ = {
			isa = PBXFrameworksBuildPhase;
			buildActionMask = 2147483647;
			files = (
			);
			runOnlyForDeploymentPostprocessing = 0;
		};
		DCAFA740276FB02C003E6BA7 /* Frameworks */ = {
			isa = PBXFrameworksBuildPhase;
			buildActionMask = 2147483647;
			files = (
			);
			runOnlyForDeploymentPostprocessing = 0;
		};
/* End PBXFrameworksBuildPhase section */

/* Begin PBXGroup section */
		DCAFA70E276FB027003E6BA7 = {
			isa = PBXGroup;
			children = (
				DCAFA71D276FB027003E6BA7 /* Project7 WatchKit App */,
				DCAFA728276FB029003E6BA7 /* Project7 WatchKit Extension */,
				DCAFA73C276FB02C003E6BA7 /* Project7Tests */,
				DCAFA746276FB02C003E6BA7 /* Project7UITests */,
				DCAFA716276FB027003E6BA7 /* Products */,
			);
			sourceTree = "<group>";
		};
		DCAFA716276FB027003E6BA7 /* Products */ = {
			isa = PBXGroup;
			children = (
				DCAFA715276FB027003E6BA7 /* Project7.app */,
				DCAFA719276FB027003E6BA7 /* Project7 WatchKit App.app */,
				DCAFA724276FB029003E6BA7 /* Project7 WatchKit Extension.appex */,
				DCAFA739276FB029003E6BA7 /* Project7Tests.xctest */,
				DCAFA743276FB02C003E6BA7 /* Project7UITests.xctest */,
			);
			name = Products;
			sourceTree = "<group>";
		};
		DCAFA71D276FB027003E6BA7 /* Project7 WatchKit App */ = {
			isa = PBXGroup;
			children = (
				DCAFA71E276FB028003E6BA7 /* Assets.xcassets */,
			);
			path = "Project7 WatchKit App";
			sourceTree = "<group>";
		};
		DCAFA728276FB029003E6BA7 /* Project7 WatchKit Extension */ = {
			isa = PBXGroup;
			children = (
				DCAFA729276FB029003E6BA7 /* ContentView.swift */,
				DCAFA72B276FB029003E6BA7 /* Project7App.swift */,
				DCAFA72D276FB029003E6BA7 /* ComplicationController.swift */,
				DCAFA72F276FB029003E6BA7 /* Assets.xcassets */,
				DCAFA734276FB029003E6BA7 /* Info.plist */,
				DCAFA731276FB029003E6BA7 /* Preview Content */,
			);
			path = "Project7 WatchKit Extension";
			sourceTree = "<group>";
		};
		DCAFA731276FB029003E6BA7 /* Preview Content */ = {
			isa = PBXGroup;
			children = (
				DCAFA732276FB029003E6BA7 /* Preview Assets.xcassets */,
			);
			path = "Preview Content";
			sourceTree = "<group>";
		};
		DCAFA73C276FB02C003E6BA7 /* Project7Tests */ = {
			isa = PBXGroup;
			children = (
				DCAFA73D276FB02C003E6BA7 /* Project7Tests.swift */,
			);
			path = Project7Tests;
			sourceTree = "<group>";
		};
		DCAFA746276FB02C003E6BA7 /* Project7UITests */ = {
			isa = PBXGroup;
			children = (
				DCAFA747276FB02C003E6BA7 /* Project7UITests.swift */,
				DCAFA749276FB02C003E6BA7 /* Project7UITestsLaunchTests.swift */,
			);
			path = Project7UITests;
			sourceTree = "<group>";
		};
/* End PBXGroup section */

/* Begin PBXNativeTarget section */
		DCAFA714276FB027003E6BA7 /* Project7 */ = {
			isa = PBXNativeTarget;
			buildConfigurationList = DCAFA755276FB02C003E6BA7 /* Build configuration list for PBXNativeTarget "Project7" */;
			buildPhases = (
				DCAFA713276FB027003E6BA7 /* Resources */,
				DCAFA754276FB02C003E6BA7 /* Embed Watch Content */,
			);
			buildRules = (
			);
			dependencies = (
				DCAFA71C276FB027003E6BA7 /* PBXTargetDependency */,
			);
			name = Project7;
			productName = Project7;
			productReference = DCAFA715276FB027003E6BA7 /* Project7.app */;
			productType = "com.apple.product-type.application.watchapp2-container";
		};
		DCAFA718276FB027003E6BA7 /* Project7 WatchKit App */ = {
			isa = PBXNativeTarget;
			buildConfigurationList = DCAFA751276FB02C003E6BA7 /* Build configuration list for PBXNativeTarget "Project7 WatchKit App" */;
			buildPhases = (
				DCAFA717276FB027003E6BA7 /* Resources */,
				DCAFA750276FB02C003E6BA7 /* Embed App Extensions */,
			);
			buildRules = (
			);
			dependencies = (
				DCAFA727276FB029003E6BA7 /* PBXTargetDependency */,
			);
			name = "Project7 WatchKit App";
			productName = "Project7 WatchKit App";
			productReference = DCAFA719276FB027003E6BA7 /* Project7 WatchKit App.app */;
			productType = "com.apple.product-type.application.watchapp2";
		};
		DCAFA723276FB029003E6BA7 /* Project7 WatchKit Extension */ = {
			isa = PBXNativeTarget;
			buildConfigurationList = DCAFA74D276FB02C003E6BA7 /* Build configuration list for PBXNativeTarget "Project7 WatchKit Extension" */;
			buildPhases = (
				DCAFA720276FB029003E6BA7 /* Sources */,
				DCAFA721276FB029003E6BA7 /* Frameworks */,
				DCAFA722276FB029003E6BA7 /* Resources */,
			);
			buildRules = (
			);
			dependencies = (
			);
			name = "Project7 WatchKit Extension";
			productName = "Project7 WatchKit Extension";
			productReference = DCAFA724276FB029003E6BA7 /* Project7 WatchKit Extension.appex */;
			productType = "com.apple.product-type.watchkit2-extension";
		};
		DCAFA738276FB029003E6BA7 /* Project7Tests */ = {
			isa = PBXNativeTarget;
			buildConfigurationList = DCAFA758276FB02C003E6BA7 /* Build configuration list for PBXNativeTarget "Project7Tests" */;
			buildPhases = (
				DCAFA735276FB029003E6BA7 /* Sources */,
				DCAFA736276FB029003E6BA7 /* Frameworks */,
				DCAFA737276FB029003E6BA7 /* Resources */,
			);
			buildRules = (
			);
			dependencies = (
				DCAFA73B276FB029003E6BA7 /* PBXTargetDependency */,
			);
			name = Project7Tests;
			productName = Project7Tests;
			productReference = DCAFA739276FB029003E6BA7 /* Project7Tests.xctest */;
			productType = "com.apple.product-type.bundle.unit-test";
		};
		DCAFA742276FB02C003E6BA7 /* Project7UITests */ = {
			isa = PBXNativeTarget;
			buildConfigurationList = DCAFA75B276FB02C003E6BA7 /* Build configuration list for PBXNativeTarget "Project7UITests" */;
			buildPhases = (
				DCAFA73F276FB02C003E6BA7 /* Sources */,
				DCAFA740276FB02C003E6BA7 /* Frameworks */,
				DCAFA741276FB02C003E6BA7 /* Resources */,
			);
			buildRules = (
			);
			dependencies = (
				DCAFA745276FB02C003E6BA7 /* PBXTargetDependency */,
			);
			name = Project7UITests;
			productName = Project7UITests;
			productReference = DCAFA743276FB02C003E6BA7 /* Project7UITests.xctest */;
			productType = "com.apple.product-type.bundle.ui-testing";
		};
/* End PBXNativeTarget section */

/* Begin PBXProject section */
		DCAFA70F276FB027003E6BA7 /* Project object */ = {
			isa = PBXProject;
			attributes = {
				BuildIndependentTargetsInParallel = 1;
				LastSwiftUpdateCheck = 1310;
				LastUpgradeCheck = 1310;
				TargetAttributes = {
					DCAFA714276FB027003E6BA7 = {
						CreatedOnToolsVersion = 13.1;
					};
					DCAFA718276FB027003E6BA7 = {
						CreatedOnToolsVersion = 13.1;
					};
					DCAFA723276FB029003E6BA7 = {
						CreatedOnToolsVersion = 13.1;
					};
					DCAFA738276FB029003E6BA7 = {
						CreatedOnToolsVersion = 13.1;
						TestTargetID = DCAFA723276FB029003E6BA7;
					};
					DCAFA742276FB02C003E6BA7 = {
						CreatedOnToolsVersion = 13.1;
						TestTargetID = DCAFA718276FB027003E6BA7;
					};
				};
			};
			buildConfigurationList = DCAFA712276FB027003E6BA7 /* Build configuration list for PBXProject "Project7" */;
			compatibilityVersion = "Xcode 13.0";
			developmentRegion = en;
			hasScannedForEncodings = 0;
			knownRegions = (
				en,
				Base,
			);
			mainGroup = DCAFA70E276FB027003E6BA7;
			productRefGroup = DCAFA716276FB027003E6BA7 /* Products */;
			projectDirPath = "";
			projectRoot = "";
			targets = (
				DCAFA714276FB027003E6BA7 /* Project7 */,
				DCAFA718276FB027003E6BA7 /* Project7 WatchKit App */,
				DCAFA723276FB029003E6BA7 /* Project7 WatchKit Extension */,
				DCAFA738276FB029003E6BA7 /* Project7Tests */,
				DCAFA742276FB02C003E6BA7 /* Project7UITests */,
			);
		};
/* End PBXProject section */

/* Begin PBXResourcesBuildPhase section */
		DCAFA713276FB027003E6BA7 /* Resources */ = {
			isa = PBXResourcesBuildPhase;
			buildActionMask = 2147483647;
			files = (
			);
			runOnlyForDeploymentPostprocessing = 0;
		};
		DCAFA717276FB027003E6BA7 /* Resources */ = {
			isa = PBXResourcesBuildPhase;
			buildActionMask = 2147483647;
			files = (
				DCAFA71F276FB028003E6BA7 /* Assets.xcassets in Resources */,
			);
			runOnlyForDeploymentPostprocessing = 0;
		};
		DCAFA722276FB029003E6BA7 /* Resources */ = {
			isa = PBXResourcesBuildPhase;
			buildActionMask = 2147483647;
			files = (
				DCAFA733276FB029003E6BA7 /* Preview Assets.xcassets in Resources */,
				DCAFA730276FB029003E6BA7 /* Assets.xcassets in Resources */,
			);
			runOnlyForDeploymentPostprocessing = 0;
		};
		DCAFA737276FB029003E6BA7 /* Resources */ = {
			isa = PBXResourcesBuildPhase;
			buildActionMask = 2147483647;
			files = (
			);
			runOnlyForDeploymentPostprocessing = 0;
		};
		DCAFA741276FB02C003E6BA7 /* Resources */ = {
			isa = PBXResourcesBuildPhase;
			buildActionMask = 2147483647;
			files = (
			);
			runOnlyForDeploymentPostprocessing = 0;
		};
/* End PBXResourcesBuildPhase section */

/* Begin PBXSourcesBuildPhase section */
		DCAFA720276FB029003E6BA7 /* Sources */ = {
			isa = PBXSourcesBuildPhase;
			buildActionMask = 2147483647;
			files = (
				DCAFA72A276FB029003E6BA7 /* ContentView.swift in Sources */,
				DCAFA72C276FB029003E6BA7 /* Project7App.swift in Sources */,
				DCAFA72E276FB029003E6BA7 /* ComplicationController.swift in Sources */,
			);
			runOnlyForDeploymentPostprocessing = 0;
		};
		DCAFA735276FB029003E6BA7 /* Sources */ = {
			isa = PBXSourcesBuildPhase;
			buildActionMask = 2147483647;
			files = (
				DCAFA73E276FB02C003E6BA7 /* Project7Tests.swift in Sources */,
			);
			runOnlyForDeploymentPostprocessing = 0;
		};
		DCAFA73F276FB02C003E6BA7 /* Sources */ = {
			isa = PBXSourcesBuildPhase;
			buildActionMask = 2147483647;
			files = (
				DCAFA74A276FB02C003E6BA7 /* Project7UITestsLaunchTests.swift in Sources */,
				DCAFA748276FB02C003E6BA7 /* Project7UITests.swift in Sources */,
			);
			runOnlyForDeploymentPostprocessing = 0;
		};
/* End PBXSourcesBuildPhase section */

/* Begin PBXTargetDependency section */
		DCAFA71C276FB027003E6BA7 /* PBXTargetDependency */ = {
			isa = PBXTargetDependency;
			target = DCAFA718276FB027003E6BA7 /* Project7 WatchKit App */;
			targetProxy = DCAFA71B276FB027003E6BA7 /* PBXContainerItemProxy */;
		};
		DCAFA727276FB029003E6BA7 /* PBXTargetDependency */ = {
			isa = PBXTargetDependency;
			target = DCAFA723276FB029003E6BA7 /* Project7 WatchKit Extension */;
			targetProxy = DCAFA726276FB029003E6BA7 /* PBXContainerItemProxy */;
		};
		DCAFA73B276FB029003E6BA7 /* PBXTargetDependency */ = {
			isa = PBXTargetDependency;
			target = DCAFA723276FB029003E6BA7 /* Project7 WatchKit Extension */;
			targetProxy = DCAFA73A276FB029003E6BA7 /* PBXContainerItemProxy */;
		};
		DCAFA745276FB02C003E6BA7 /* PBXTargetDependency */ = {
			isa = PBXTargetDependency;
			target = DCAFA718276FB027003E6BA7 /* Project7 WatchKit App */;
			targetProxy = DCAFA744276FB02C003E6BA7 /* PBXContainerItemProxy */;
		};
/* End PBXTargetDependency section */

/* Begin XCBuildConfiguration section */
		DCAFA74B276FB02C003E6BA7 /* Debug */ = {
			isa = XCBuildConfiguration;
			buildSettings = {
				ALWAYS_SEARCH_USER_PATHS = NO;
				CLANG_ANALYZER_NONNULL = YES;
				CLANG_ANALYZER_NUMBER_OBJECT_CONVERSION = YES_AGGRESSIVE;
				CLANG_CXX_LANGUAGE_STANDARD = "gnu++17";
				CLANG_CXX_LIBRARY = "libc++";
				CLANG_ENABLE_MODULES = YES;
				CLANG_ENABLE_OBJC_ARC = YES;
				CLANG_ENABLE_OBJC_WEAK = YES;
				CLANG_WARN_BLOCK_CAPTURE_AUTORELEASING = YES;
				CLANG_WARN_BOOL_CONVERSION = YES;
				CLANG_WARN_COMMA = YES;
				CLANG_WARN_CONSTANT_CONVERSION = YES;
				CLANG_WARN_DEPRECATED_OBJC_IMPLEMENTATIONS = YES;
				CLANG_WARN_DIRECT_OBJC_ISA_USAGE = YES_ERROR;
				CLANG_WARN_DOCUMENTATION_COMMENTS = YES;
				CLANG_WARN_EMPTY_BODY = YES;
				CLANG_WARN_ENUM_CONVERSION = YES;
				CLANG_WARN_INFINITE_RECURSION = YES;
				CLANG_WARN_INT_CONVERSION = YES;
				CLANG_WARN_NON_LITERAL_NULL_CONVERSION = YES;
				CLANG_WARN_OBJC_IMPLICIT_RETAIN_SELF = YES;
				CLANG_WARN_OBJC_LITERAL_CONVERSION = YES;
				CLANG_WARN_OBJC_ROOT_CLASS = YES_ERROR;
				CLANG_WARN_QUOTED_INCLUDE_IN_FRAMEWORK_HEADER = YES;
				CLANG_WARN_RANGE_LOOP_ANALYSIS = YES;
				CLANG_WARN_STRICT_PROTOTYPES = YES;
				CLANG_WARN_SUSPICIOUS_MOVE = YES;
				CLANG_WARN_UNGUARDED_AVAILABILITY = YES_AGGRESSIVE;
				CLANG_WARN_UNREACHABLE_CODE = YES;
				CLANG_WARN__DUPLICATE_METHOD_MATCH = YES;
				COPY_PHASE_STRIP = NO;
				DEBUG_INFORMATION_FORMAT = dwarf;
				ENABLE_STRICT_OBJC_MSGSEND = YES;
				ENABLE_TESTABILITY = YES;
				GCC_C_LANGUAGE_STANDARD = gnu11;
				GCC_DYNAMIC_NO_PIC = NO;
				GCC_NO_COMMON_BLOCKS = YES;
				GCC_OPTIMIZATION_LEVEL = 0;
				GCC_PREPROCESSOR_DEFINITIONS = (
					"DEBUG=1",
					"$(inherited)",
				);
				GCC_WARN_64_TO_32_BIT_CONVERSION = YES;
				GCC_WARN_ABOUT_RETURN_TYPE = YES_ERROR;
				GCC_WARN_UNDECLARED_SELECTOR = YES;
				GCC_WARN_UNINITIALIZED_AUTOS = YES_AGGRESSIVE;
				GCC_WARN_UNUSED_FUNCTION = YES;
				GCC_WARN_UNUSED_VARIABLE = YES;
				MTL_ENABLE_DEBUG_INFO = INCLUDE_SOURCE;
				MTL_FAST_MATH = YES;
				ONLY_ACTIVE_ARCH = YES;
				SDKROOT = iphoneos;
				SWIFT_ACTIVE_COMPILATION_CONDITIONS = DEBUG;
				SWIFT_OPTIMIZATION_LEVEL = "-Onone";
			};
			name = Debug;
		};
		DCAFA74C276FB02C003E6BA7 /* Release */ = {
			isa = XCBuildConfiguration;
			buildSettings = {
				ALWAYS_SEARCH_USER_PATHS = NO;
				CLANG_ANALYZER_NONNULL = YES;
				CLANG_ANALYZER_NUMBER_OBJECT_CONVERSION = YES_AGGRESSIVE;
				CLANG_CXX_LANGUAGE_STANDARD = "gnu++17";
				CLANG_CXX_LIBRARY = "libc++";
				CLANG_ENABLE_MODULES = YES;
				CLANG_ENABLE_OBJC_ARC = YES;
				CLANG_ENABLE_OBJC_WEAK = YES;
				CLANG_WARN_BLOCK_CAPTURE_AUTORELEASING = YES;
				CLANG_WARN_BOOL_CONVERSION = YES;
				CLANG_WARN_COMMA = YES;
				CLANG_WARN_CONSTANT_CONVERSION = YES;
				CLANG_WARN_DEPRECATED_OBJC_IMPLEMENTATIONS = YES;
				CLANG_WARN_DIRECT_OBJC_ISA_USAGE = YES_ERROR;
				CLANG_WARN_DOCUMENTATION_COMMENTS = YES;
				CLANG_WARN_EMPTY_BODY = YES;
				CLANG_WARN_ENUM_CONVERSION = YES;
				CLANG_WARN_INFINITE_RECURSION = YES;
				CLANG_WARN_INT_CONVERSION = YES;
				CLANG_WARN_NON_LITERAL_NULL_CONVERSION = YES;
				CLANG_WARN_OBJC_IMPLICIT_RETAIN_SELF = YES;
				CLANG_WARN_OBJC_LITERAL_CONVERSION = YES;
				CLANG_WARN_OBJC_ROOT_CLASS = YES_ERROR;
				CLANG_WARN_QUOTED_INCLUDE_IN_FRAMEWORK_HEADER = YES;
				CLANG_WARN_RANGE_LOOP_ANALYSIS = YES;
				CLANG_WARN_STRICT_PROTOTYPES = YES;
				CLANG_WARN_SUSPICIOUS_MOVE = YES;
				CLANG_WARN_UNGUARDED_AVAILABILITY = YES_AGGRESSIVE;
				CLANG_WARN_UNREACHABLE_CODE = YES;
				CLANG_WARN__DUPLICATE_METHOD_MATCH = YES;
				COPY_PHASE_STRIP = NO;
				DEBUG_INFORMATION_FORMAT = "dwarf-with-dsym";
				ENABLE_NS_ASSERTIONS = NO;
				ENABLE_STRICT_OBJC_MSGSEND = YES;
				GCC_C_LANGUAGE_STANDARD = gnu11;
				GCC_NO_COMMON_BLOCKS = YES;
				GCC_WARN_64_TO_32_BIT_CONVERSION = YES;
				GCC_WARN_ABOUT_RETURN_TYPE = YES_ERROR;
				GCC_WARN_UNDECLARED_SELECTOR = YES;
				GCC_WARN_UNINITIALIZED_AUTOS = YES_AGGRESSIVE;
				GCC_WARN_UNUSED_FUNCTION = YES;
				GCC_WARN_UNUSED_VARIABLE = YES;
				MTL_ENABLE_DEBUG_INFO = NO;
				MTL_FAST_MATH = YES;
				SDKROOT = iphoneos;
				SWIFT_COMPILATION_MODE = wholemodule;
				SWIFT_OPTIMIZATION_LEVEL = "-O";
				VALIDATE_PRODUCT = YES;
			};
			name = Release;
		};
		DCAFA74E276FB02C003E6BA7 /* Debug */ = {
			isa = XCBuildConfiguration;
			buildSettings = {
				ASSETCATALOG_COMPILER_COMPLICATION_NAME = Complication;
				CODE_SIGN_STYLE = Automatic;
				CURRENT_PROJECT_VERSION = 1;
				DEVELOPMENT_ASSET_PATHS = "\"Project7 WatchKit Extension/Preview Content\"";
				ENABLE_PREVIEWS = YES;
				GENERATE_INFOPLIST_FILE = YES;
				INFOPLIST_FILE = "Project7 WatchKit Extension/Info.plist";
				INFOPLIST_KEY_CFBundleDisplayName = "Project7 WatchKit Extension";
				INFOPLIST_KEY_CLKComplicationPrincipalClass = "$(PRODUCT_MODULE_NAME).ComplicationController";
				INFOPLIST_KEY_NSHumanReadableCopyright = "";
				INFOPLIST_KEY_WKWatchOnly = YES;
				LD_RUNPATH_SEARCH_PATHS = (
					"$(inherited)",
					"@executable_path/Frameworks",
					"@executable_path/../../Frameworks",
				);
				MARKETING_VERSION = 1.0;
				PRODUCT_BUNDLE_IDENTIFIER = com.jkindustries.Project7.watchkitapp.watchkitextension;
				PRODUCT_NAME = "${TARGET_NAME}";
				SDKROOT = watchos;
				SKIP_INSTALL = YES;
				SWIFT_EMIT_LOC_STRINGS = YES;
				SWIFT_VERSION = 5.0;
				TARGETED_DEVICE_FAMILY = 4;
				WATCHOS_DEPLOYMENT_TARGET = 8.0;
			};
			name = Debug;
		};
		DCAFA74F276FB02C003E6BA7 /* Release */ = {
			isa = XCBuildConfiguration;
			buildSettings = {
				ASSETCATALOG_COMPILER_COMPLICATION_NAME = Complication;
				CODE_SIGN_STYLE = Automatic;
				CURRENT_PROJECT_VERSION = 1;
				DEVELOPMENT_ASSET_PATHS = "\"Project7 WatchKit Extension/Preview Content\"";
				ENABLE_PREVIEWS = YES;
				GENERATE_INFOPLIST_FILE = YES;
				INFOPLIST_FILE = "Project7 WatchKit Extension/Info.plist";
				INFOPLIST_KEY_CFBundleDisplayName = "Project7 WatchKit Extension";
				INFOPLIST_KEY_CLKComplicationPrincipalClass = "$(PRODUCT_MODULE_NAME).ComplicationController";
				INFOPLIST_KEY_NSHumanReadableCopyright = "";
				INFOPLIST_KEY_WKWatchOnly = YES;
				LD_RUNPATH_SEARCH_PATHS = (
					"$(inherited)",
					"@executable_path/Frameworks",
					"@executable_path/../../Frameworks",
				);
				MARKETING_VERSION = 1.0;
				PRODUCT_BUNDLE_IDENTIFIER = com.jkindustries.Project7.watchkitapp.watchkitextension;
				PRODUCT_NAME = "${TARGET_NAME}";
				SDKROOT = watchos;
				SKIP_INSTALL = YES;
				SWIFT_EMIT_LOC_STRINGS = YES;
				SWIFT_VERSION = 5.0;
				TARGETED_DEVICE_FAMILY = 4;
				WATCHOS_DEPLOYMENT_TARGET = 8.0;
			};
			name = Release;
		};
		DCAFA752276FB02C003E6BA7 /* Debug */ = {
			isa = XCBuildConfiguration;
			buildSettings = {
				ALWAYS_EMBED_SWIFT_STANDARD_LIBRARIES = YES;
				ASSETCATALOG_COMPILER_APPICON_NAME = AppIcon;
				ASSETCATALOG_COMPILER_GLOBAL_ACCENT_COLOR_NAME = AccentColor;
				CODE_SIGN_STYLE = Automatic;
				CURRENT_PROJECT_VERSION = 1;
				GENERATE_INFOPLIST_FILE = YES;
				IBSC_MODULE = Project7_WatchKit_Extension;
				INFOPLIST_KEY_CFBundleDisplayName = "Project7 WatchKit App";
				INFOPLIST_KEY_UISupportedInterfaceOrientations = "UIInterfaceOrientationPortrait UIInterfaceOrientationPortraitUpsideDown";
				MARKETING_VERSION = 1.0;
				PRODUCT_BUNDLE_IDENTIFIER = com.jkindustries.Project7.watchkitapp;
				PRODUCT_NAME = "$(TARGET_NAME)";
				SDKROOT = watchos;
				SKIP_INSTALL = YES;
				SWIFT_EMIT_LOC_STRINGS = YES;
				SWIFT_VERSION = 5.0;
				TARGETED_DEVICE_FAMILY = 4;
				WATCHOS_DEPLOYMENT_TARGET = 8.0;
			};
			name = Debug;
		};
		DCAFA753276FB02C003E6BA7 /* Release */ = {
			isa = XCBuildConfiguration;
			buildSettings = {
				ALWAYS_EMBED_SWIFT_STANDARD_LIBRARIES = YES;
				ASSETCATALOG_COMPILER_APPICON_NAME = AppIcon;
				ASSETCATALOG_COMPILER_GLOBAL_ACCENT_COLOR_NAME = AccentColor;
				CODE_SIGN_STYLE = Automatic;
				CURRENT_PROJECT_VERSION = 1;
				GENERATE_INFOPLIST_FILE = YES;
				IBSC_MODULE = Project7_WatchKit_Extension;
				INFOPLIST_KEY_CFBundleDisplayName = "Project7 WatchKit App";
				INFOPLIST_KEY_UISupportedInterfaceOrientations = "UIInterfaceOrientationPortrait UIInterfaceOrientationPortraitUpsideDown";
				MARKETING_VERSION = 1.0;
				PRODUCT_BUNDLE_IDENTIFIER = com.jkindustries.Project7.watchkitapp;
				PRODUCT_NAME = "$(TARGET_NAME)";
				SDKROOT = watchos;
				SKIP_INSTALL = YES;
				SWIFT_EMIT_LOC_STRINGS = YES;
				SWIFT_VERSION = 5.0;
				TARGETED_DEVICE_FAMILY = 4;
				WATCHOS_DEPLOYMENT_TARGET = 8.0;
			};
			name = Release;
		};
		DCAFA756276FB02C003E6BA7 /* Debug */ = {
			isa = XCBuildConfiguration;
			buildSettings = {
				CODE_SIGN_STYLE = Automatic;
				CURRENT_PROJECT_VERSION = 1;
				MARKETING_VERSION = 1.0;
				PRODUCT_BUNDLE_IDENTIFIER = com.jkindustries.Project7;
				PRODUCT_NAME = "$(TARGET_NAME)";
				SWIFT_VERSION = 5.0;
			};
			name = Debug;
		};
		DCAFA757276FB02C003E6BA7 /* Release */ = {
			isa = XCBuildConfiguration;
			buildSettings = {
				CODE_SIGN_STYLE = Automatic;
				CURRENT_PROJECT_VERSION = 1;
				MARKETING_VERSION = 1.0;
				PRODUCT_BUNDLE_IDENTIFIER = com.jkindustries.Project7;
				PRODUCT_NAME = "$(TARGET_NAME)";
				SWIFT_VERSION = 5.0;
			};
			name = Release;
		};
		DCAFA759276FB02C003E6BA7 /* Debug */ = {
			isa = XCBuildConfiguration;
			buildSettings = {
				ALWAYS_EMBED_SWIFT_STANDARD_LIBRARIES = YES;
				BUNDLE_LOADER = "$(TEST_HOST)";
				CODE_SIGN_STYLE = Automatic;
				CURRENT_PROJECT_VERSION = 1;
				GENERATE_INFOPLIST_FILE = YES;
				LD_RUNPATH_SEARCH_PATHS = (
					"$(inherited)",
					"@executable_path/Frameworks",
					"@loader_path/Frameworks",
				);
				MARKETING_VERSION = 1.0;
				PRODUCT_BUNDLE_IDENTIFIER = com.jkindustries.Project7Tests;
				PRODUCT_NAME = "$(TARGET_NAME)";
				SDKROOT = watchos;
				SWIFT_EMIT_LOC_STRINGS = NO;
				SWIFT_VERSION = 5.0;
				TARGETED_DEVICE_FAMILY = 4;
				TEST_HOST = "$(BUILT_PRODUCTS_DIR)/Project7 WatchKit Extension.appex/Project7 WatchKit Extension";
				WATCHOS_DEPLOYMENT_TARGET = 8.0;
			};
			name = Debug;
		};
		DCAFA75A276FB02C003E6BA7 /* Release */ = {
			isa = XCBuildConfiguration;
			buildSettings = {
				ALWAYS_EMBED_SWIFT_STANDARD_LIBRARIES = YES;
				BUNDLE_LOADER = "$(TEST_HOST)";
				CODE_SIGN_STYLE = Automatic;
				CURRENT_PROJECT_VERSION = 1;
				GENERATE_INFOPLIST_FILE = YES;
				LD_RUNPATH_SEARCH_PATHS = (
					"$(inherited)",
					"@executable_path/Frameworks",
					"@loader_path/Frameworks",
				);
				MARKETING_VERSION = 1.0;
				PRODUCT_BUNDLE_IDENTIFIER = com.jkindustries.Project7Tests;
				PRODUCT_NAME = "$(TARGET_NAME)";
				SDKROOT = watchos;
				SWIFT_EMIT_LOC_STRINGS = NO;
				SWIFT_VERSION = 5.0;
				TARGETED_DEVICE_FAMILY = 4;
				TEST_HOST = "$(BUILT_PRODUCTS_DIR)/Project7 WatchKit Extension.appex/Project7 WatchKit Extension";
				WATCHOS_DEPLOYMENT_TARGET = 8.0;
			};
			name = Release;
		};
		DCAFA75C276FB02C003E6BA7 /* Debug */ = {
			isa = XCBuildConfiguration;
			buildSettings = {
				CODE_SIGN_STYLE = Automatic;
				CURRENT_PROJECT_VERSION = 1;
				GENERATE_INFOPLIST_FILE = YES;
				LD_RUNPATH_SEARCH_PATHS = (
					"$(inherited)",
					"@executable_path/Frameworks",
					"@loader_path/Frameworks",
				);
				MARKETING_VERSION = 1.0;
				PRODUCT_BUNDLE_IDENTIFIER = com.jkindustries.Project7UITests;
				PRODUCT_NAME = "$(TARGET_NAME)";
				SDKROOT = watchos;
				SWIFT_EMIT_LOC_STRINGS = NO;
				SWIFT_VERSION = 5.0;
				TARGETED_DEVICE_FAMILY = 4;
				TEST_TARGET_NAME = "Project7 WatchKit App";
				WATCHOS_DEPLOYMENT_TARGET = 8.0;
			};
			name = Debug;
		};
		DCAFA75D276FB02C003E6BA7 /* Release */ = {
			isa = XCBuildConfiguration;
			buildSettings = {
				CODE_SIGN_STYLE = Automatic;
				CURRENT_PROJECT_VERSION = 1;
				GENERATE_INFOPLIST_FILE = YES;
				LD_RUNPATH_SEARCH_PATHS = (
					"$(inherited)",
					"@executable_path/Frameworks",
					"@loader_path/Frameworks",
				);
				MARKETING_VERSION = 1.0;
				PRODUCT_BUNDLE_IDENTIFIER = com.jkindustries.Project7UITests;
				PRODUCT_NAME = "$(TARGET_NAME)";
				SDKROOT = watchos;
				SWIFT_EMIT_LOC_STRINGS = NO;
				SWIFT_VERSION = 5.0;
				TARGETED_DEVICE_FAMILY = 4;
				TEST_TARGET_NAME = "Project7 WatchKit App";
				WATCHOS_DEPLOYMENT_TARGET = 8.0;
			};
			name = Release;
		};
/* End XCBuildConfiguration section */

/* Begin XCConfigurationList section */
		DCAFA712276FB027003E6BA7 /* Build configuration list for PBXProject "Project7" */ = {
			isa = XCConfigurationList;
			buildConfigurations = (
				DCAFA74B276FB02C003E6BA7 /* Debug */,
				DCAFA74C276FB02C003E6BA7 /* Release */,
			);
			defaultConfigurationIsVisible = 0;
			defaultConfigurationName = Release;
		};
		DCAFA74D276FB02C003E6BA7 /* Build configuration list for PBXNativeTarget "Project7 WatchKit Extension" */ = {
			isa = XCConfigurationList;
			buildConfigurations = (
				DCAFA74E276FB02C003E6BA7 /* Debug */,
				DCAFA74F276FB02C003E6BA7 /* Release */,
			);
			defaultConfigurationIsVisible = 0;
			defaultConfigurationName = Release;
		};
		DCAFA751276FB02C003E6BA7 /* Build configuration list for PBXNativeTarget "Project7 WatchKit App" */ = {
			isa = XCConfigurationList;
			buildConfigurations = (
				DCAFA752276FB02C003E6BA7 /* Debug */,
				DCAFA753276FB02C003E6BA7 /* Release */,
			);
			defaultConfigurationIsVisible = 0;
			defaultConfigurationName = Release;
		};
		DCAFA755276FB02C003E6BA7 /* Build configuration list for PBXNativeTarget "Project7" */ = {
			isa = XCConfigurationList;
			buildConfigurations = (
				DCAFA756276FB02C003E6BA7 /* Debug */,
				DCAFA757276FB02C003E6BA7 /* Release */,
			);
			defaultConfigurationIsVisible = 0;
			defaultConfigurationName = Release;
		};
		DCAFA758276FB02C003E6BA7 /* Build configuration list for PBXNativeTarget "Project7Tests" */ = {
			isa = XCConfigurationList;
			buildConfigurations = (
				DCAFA759276FB02C003E6BA7 /* Debug */,
				DCAFA75A276FB02C003E6BA7 /* Release */,
			);
			defaultConfigurationIsVisible = 0;
			defaultConfigurationName = Release;
		};
		DCAFA75B276FB02C003E6BA7 /* Build configuration list for PBXNativeTarget "Project7UITests" */ = {
			isa = XCConfigurationList;
			buildConfigurations = (
				DCAFA75C276FB02C003E6BA7 /* Debug */,
				DCAFA75D276FB02C003E6BA7 /* Release */,
			);
			defaultConfigurationIsVisible = 0;
			defaultConfigurationName = Release;
		};
/* End XCConfigurationList section */
	};
	rootObject = DCAFA70F276FB027003E6BA7 /* Project object */;
}
